<?xml version="1.0" encoding="UTF-8"?>
<CodeBlocks_project_file>
	<FileVersion major="1" minor="6"/>
	<Project>
		<Option title="frdupl"/>
		<Option makefile_is_custom="1"/>
		<Option compiler="clang"/>
		<Option virtualFolders="CMake Files\;CMake Files\..\;CMake Files\..\..\;CMake Files\..\..\..\;CMake Files\..\..\..\Qt\;CMake Files\..\..\..\Qt\5.11.2\;CMake Files\..\..\..\Qt\5.11.2\clang_64\;CMake Files\..\..\..\Qt\5.11.2\clang_64\lib\;CMake Files\..\..\..\Qt\5.11.2\clang_64\lib\cmake\;CMake Files\..\..\..\Qt\5.11.2\clang_64\lib\cmake\Qt5Widgets\;CMake Files\..\..\..\Qt\5.11.2\clang_64\lib\cmake\Qt5Gui\;CMake Files\..\..\..\Qt\5.11.2\clang_64\lib\cmake\Qt5Core\;"/>
		<Build>
			<Target title="all">
				<Option working_dir="/Users/miketerentyev/itmo/2-year/MegaFinder"/>
				<Option type="4"/>
				<MakeCommands>
					<Build command="/usr/bin/make -f &quot;/Users/miketerentyev/itmo/2-year/MegaFinder/Makefile&quot;  VERBOSE=1 all"/>
					<CompileFile command="/usr/bin/make -f &quot;/Users/miketerentyev/itmo/2-year/MegaFinder/Makefile&quot;  VERBOSE=1 &quot;$file&quot;"/>
					<Clean command="/usr/bin/make -f &quot;/Users/miketerentyev/itmo/2-year/MegaFinder/Makefile&quot;  VERBOSE=1 clean"/>
					<DistClean command="/usr/bin/make -f &quot;/Users/miketerentyev/itmo/2-year/MegaFinder/Makefile&quot;  VERBOSE=1 clean"/>
				</MakeCommands>
			</Target>
			<Target title="rebuild_cache">
				<Option working_dir="/Users/miketerentyev/itmo/2-year/MegaFinder"/>
				<Option type="4"/>
				<MakeCommands>
					<Build command="/usr/bin/make -f &quot;/Users/miketerentyev/itmo/2-year/MegaFinder/Makefile&quot;  VERBOSE=1 rebuild_cache"/>
					<CompileFile command="/usr/bin/make -f &quot;/Users/miketerentyev/itmo/2-year/MegaFinder/Makefile&quot;  VERBOSE=1 &quot;$file&quot;"/>
					<Clean command="/usr/bin/make -f &quot;/Users/miketerentyev/itmo/2-year/MegaFinder/Makefile&quot;  VERBOSE=1 clean"/>
					<DistClean command="/usr/bin/make -f &quot;/Users/miketerentyev/itmo/2-year/MegaFinder/Makefile&quot;  VERBOSE=1 clean"/>
				</MakeCommands>
			</Target>
			<Target title="edit_cache">
				<Option working_dir="/Users/miketerentyev/itmo/2-year/MegaFinder"/>
				<Option type="4"/>
				<MakeCommands>
					<Build command="/usr/bin/make -f &quot;/Users/miketerentyev/itmo/2-year/MegaFinder/Makefile&quot;  VERBOSE=1 edit_cache"/>
					<CompileFile command="/usr/bin/make -f &quot;/Users/miketerentyev/itmo/2-year/MegaFinder/Makefile&quot;  VERBOSE=1 &quot;$file&quot;"/>
					<Clean command="/usr/bin/make -f &quot;/Users/miketerentyev/itmo/2-year/MegaFinder/Makefile&quot;  VERBOSE=1 clean"/>
					<DistClean command="/usr/bin/make -f &quot;/Users/miketerentyev/itmo/2-year/MegaFinder/Makefile&quot;  VERBOSE=1 clean"/>
				</MakeCommands>
			</Target>
			<Target title="go">
				<Option output="/Users/miketerentyev/itmo/2-year/MegaFinder/go" prefix_auto="0" extension_auto="0"/>
				<Option working_dir="/Users/miketerentyev/itmo/2-year/MegaFinder"/>
				<Option object_output="./"/>
				<Option type="1"/>
				<Option compiler="clang"/>
				<Compiler>
					<Add directory="/Users/miketerentyev/itmo/2-year/MegaFinder"/>
					<Add directory="/Users/miketerentyev/itmo/2-year/MegaFinder/go_autogen/include"/>
				</Compiler>
				<MakeCommands>
					<Build command="/usr/bin/make -f &quot;/Users/miketerentyev/itmo/2-year/MegaFinder/Makefile&quot;  VERBOSE=1 go"/>
					<CompileFile command="/usr/bin/make -f &quot;/Users/miketerentyev/itmo/2-year/MegaFinder/Makefile&quot;  VERBOSE=1 &quot;$file&quot;"/>
					<Clean command="/usr/bin/make -f &quot;/Users/miketerentyev/itmo/2-year/MegaFinder/Makefile&quot;  VERBOSE=1 clean"/>
					<DistClean command="/usr/bin/make -f &quot;/Users/miketerentyev/itmo/2-year/MegaFinder/Makefile&quot;  VERBOSE=1 clean"/>
				</MakeCommands>
			</Target>
			<Target title="go/fast">
				<Option output="/Users/miketerentyev/itmo/2-year/MegaFinder/go" prefix_auto="0" extension_auto="0"/>
				<Option working_dir="/Users/miketerentyev/itmo/2-year/MegaFinder"/>
				<Option object_output="./"/>
				<Option type="1"/>
				<Option compiler="clang"/>
				<Compiler>
					<Add directory="/Users/miketerentyev/itmo/2-year/MegaFinder"/>
					<Add directory="/Users/miketerentyev/itmo/2-year/MegaFinder/go_autogen/include"/>
				</Compiler>
				<MakeCommands>
					<Build command="/usr/bin/make -f &quot;/Users/miketerentyev/itmo/2-year/MegaFinder/Makefile&quot;  VERBOSE=1 go/fast"/>
					<CompileFile command="/usr/bin/make -f &quot;/Users/miketerentyev/itmo/2-year/MegaFinder/Makefile&quot;  VERBOSE=1 &quot;$file&quot;"/>
					<Clean command="/usr/bin/make -f &quot;/Users/miketerentyev/itmo/2-year/MegaFinder/Makefile&quot;  VERBOSE=1 clean"/>
					<DistClean command="/usr/bin/make -f &quot;/Users/miketerentyev/itmo/2-year/MegaFinder/Makefile&quot;  VERBOSE=1 clean"/>
				</MakeCommands>
			</Target>
			<Target title="frdupl">
				<Option output="/Users/miketerentyev/itmo/2-year/MegaFinder/libfrdupl.a" prefix_auto="0" extension_auto="0"/>
				<Option working_dir="/Users/miketerentyev/itmo/2-year/MegaFinder"/>
				<Option object_output="./"/>
				<Option type="2"/>
				<Option compiler="clang"/>
				<Compiler>
					<Add directory="/Users/miketerentyev/itmo/2-year/MegaFinder"/>
					<Add directory="/Users/miketerentyev/itmo/2-year/MegaFinder/frdupl_autogen/include"/>
				</Compiler>
				<MakeCommands>
					<Build command="/usr/bin/make -f &quot;/Users/miketerentyev/itmo/2-year/MegaFinder/Makefile&quot;  VERBOSE=1 frdupl"/>
					<CompileFile command="/usr/bin/make -f &quot;/Users/miketerentyev/itmo/2-year/MegaFinder/Makefile&quot;  VERBOSE=1 &quot;$file&quot;"/>
					<Clean command="/usr/bin/make -f &quot;/Users/miketerentyev/itmo/2-year/MegaFinder/Makefile&quot;  VERBOSE=1 clean"/>
					<DistClean command="/usr/bin/make -f &quot;/Users/miketerentyev/itmo/2-year/MegaFinder/Makefile&quot;  VERBOSE=1 clean"/>
				</MakeCommands>
			</Target>
			<Target title="frdupl/fast">
				<Option output="/Users/miketerentyev/itmo/2-year/MegaFinder/libfrdupl.a" prefix_auto="0" extension_auto="0"/>
				<Option working_dir="/Users/miketerentyev/itmo/2-year/MegaFinder"/>
				<Option object_output="./"/>
				<Option type="2"/>
				<Option compiler="clang"/>
				<Compiler>
					<Add directory="/Users/miketerentyev/itmo/2-year/MegaFinder"/>
					<Add directory="/Users/miketerentyev/itmo/2-year/MegaFinder/frdupl_autogen/include"/>
				</Compiler>
				<MakeCommands>
					<Build command="/usr/bin/make -f &quot;/Users/miketerentyev/itmo/2-year/MegaFinder/Makefile&quot;  VERBOSE=1 frdupl/fast"/>
					<CompileFile command="/usr/bin/make -f &quot;/Users/miketerentyev/itmo/2-year/MegaFinder/Makefile&quot;  VERBOSE=1 &quot;$file&quot;"/>
					<Clean command="/usr/bin/make -f &quot;/Users/miketerentyev/itmo/2-year/MegaFinder/Makefile&quot;  VERBOSE=1 clean"/>
					<DistClean command="/usr/bin/make -f &quot;/Users/miketerentyev/itmo/2-year/MegaFinder/Makefile&quot;  VERBOSE=1 clean"/>
				</MakeCommands>
			</Target>
			<Target title="go_autogen">
				<Option working_dir="/Users/miketerentyev/itmo/2-year/MegaFinder"/>
				<Option type="4"/>
				<MakeCommands>
					<Build command="/usr/bin/make -f &quot;/Users/miketerentyev/itmo/2-year/MegaFinder/Makefile&quot;  VERBOSE=1 go_autogen"/>
					<CompileFile command="/usr/bin/make -f &quot;/Users/miketerentyev/itmo/2-year/MegaFinder/Makefile&quot;  VERBOSE=1 &quot;$file&quot;"/>
					<Clean command="/usr/bin/make -f &quot;/Users/miketerentyev/itmo/2-year/MegaFinder/Makefile&quot;  VERBOSE=1 clean"/>
					<DistClean command="/usr/bin/make -f &quot;/Users/miketerentyev/itmo/2-year/MegaFinder/Makefile&quot;  VERBOSE=1 clean"/>
				</MakeCommands>
			</Target>
			<Target title="frdupl_autogen">
				<Option working_dir="/Users/miketerentyev/itmo/2-year/MegaFinder"/>
				<Option type="4"/>
				<MakeCommands>
					<Build command="/usr/bin/make -f &quot;/Users/miketerentyev/itmo/2-year/MegaFinder/Makefile&quot;  VERBOSE=1 frdupl_autogen"/>
					<CompileFile command="/usr/bin/make -f &quot;/Users/miketerentyev/itmo/2-year/MegaFinder/Makefile&quot;  VERBOSE=1 &quot;$file&quot;"/>
					<Clean command="/usr/bin/make -f &quot;/Users/miketerentyev/itmo/2-year/MegaFinder/Makefile&quot;  VERBOSE=1 clean"/>
					<DistClean command="/usr/bin/make -f &quot;/Users/miketerentyev/itmo/2-year/MegaFinder/Makefile&quot;  VERBOSE=1 clean"/>
				</MakeCommands>
			</Target>
		</Build>
		<Unit filename="/Users/miketerentyev/itmo/2-year/MegaFinder/dirlist.cpp">
			<Option target="frdupl"/>
		</Unit>
		<Unit filename="/Users/miketerentyev/itmo/2-year/MegaFinder/dirlist.h">
			<Option target="frdupl"/>
		</Unit>
		<Unit filename="/Users/miketerentyev/itmo/2-year/MegaFinder/fileindexer.cpp">
			<Option target="frdupl"/>
		</Unit>
		<Unit filename="/Users/miketerentyev/itmo/2-year/MegaFinder/fileindexer.h">
			<Option target="frdupl"/>
		</Unit>
		<Unit filename="/Users/miketerentyev/itmo/2-year/MegaFinder/frdupl_autogen/mocs_compilation.cpp">
			<Option target="frdupl"/>
		</Unit>
		<Unit filename="/Users/miketerentyev/itmo/2-year/MegaFinder/go_autogen/mocs_compilation.cpp">
			<Option target="go"/>
		</Unit>
		<Unit filename="/Users/miketerentyev/itmo/2-year/MegaFinder/main.cpp">
			<Option target="go"/>
		</Unit>
		<Unit filename="/Users/miketerentyev/itmo/2-year/MegaFinder/mainwindow.cpp">
			<Option target="frdupl"/>
		</Unit>
		<Unit filename="/Users/miketerentyev/itmo/2-year/MegaFinder/mainwindow.h">
			<Option target="frdupl"/>
		</Unit>
		<Unit filename="/Users/miketerentyev/itmo/2-year/MegaFinder/mytreewidget.cpp">
			<Option target="frdupl"/>
		</Unit>
		<Unit filename="/Users/miketerentyev/itmo/2-year/MegaFinder/mytreewidget.h">
			<Option target="frdupl"/>
		</Unit>
		<Unit filename="/Users/miketerentyev/itmo/2-year/MegaFinder/progressdialog.cpp">
			<Option target="frdupl"/>
		</Unit>
		<Unit filename="/Users/miketerentyev/itmo/2-year/MegaFinder/progressdialog.h">
			<Option target="frdupl"/>
		</Unit>
		<Unit filename="/Users/miketerentyev/itmo/2-year/MegaFinder/tbufferedreader.cpp">
			<Option target="frdupl"/>
		</Unit>
		<Unit filename="/Users/miketerentyev/itmo/2-year/MegaFinder/tbufferedreader.h">
			<Option target="frdupl"/>
		</Unit>
		<Unit filename="/Users/miketerentyev/itmo/2-year/MegaFinder/textviewer.cpp">
			<Option target="frdupl"/>
		</Unit>
		<Unit filename="/Users/miketerentyev/itmo/2-year/MegaFinder/textviewer.h">
			<Option target="frdupl"/>
		</Unit>
		<Unit filename="/Users/miketerentyev/itmo/2-year/MegaFinder/trigramsrepository.cpp">
			<Option target="frdupl"/>
		</Unit>
		<Unit filename="/Users/miketerentyev/itmo/2-year/MegaFinder/trigramsrepository.h">
			<Option target="frdupl"/>
		</Unit>
		<Unit filename="/Users/miketerentyev/itmo/2-year/MegaFinder/trigramssearcher.cpp">
			<Option target="frdupl"/>
		</Unit>
		<Unit filename="/Users/miketerentyev/itmo/2-year/MegaFinder/trigramssearcher.h">
			<Option target="frdupl"/>
		</Unit>
		<Unit filename="/Users/miketerentyev/itmo/2-year/MegaFinder/CMakeLists.txt">
			<Option virtualFolder="CMake Files\"/>
		</Unit>
		<Unit filename="/Users/miketerentyev/itmo/2-year/MegaFinder/../../../Qt/5.11.2/clang_64/lib/cmake/Qt5Widgets/Qt5WidgetsConfig.cmake">
			<Option virtualFolder="CMake Files\..\..\..\Qt\5.11.2\clang_64\lib\cmake\Qt5Widgets\"/>
		</Unit>
		<Unit filename="/Users/miketerentyev/itmo/2-year/MegaFinder/../../../Qt/5.11.2/clang_64/lib/cmake/Qt5Widgets/Qt5WidgetsConfigExtras.cmake">
			<Option virtualFolder="CMake Files\..\..\..\Qt\5.11.2\clang_64\lib\cmake\Qt5Widgets\"/>
		</Unit>
		<Unit filename="/Users/miketerentyev/itmo/2-year/MegaFinder/../../../Qt/5.11.2/clang_64/lib/cmake/Qt5Widgets/Qt5WidgetsConfigVersion.cmake">
			<Option virtualFolder="CMake Files\..\..\..\Qt\5.11.2\clang_64\lib\cmake\Qt5Widgets\"/>
		</Unit>
		<Unit filename="/Users/miketerentyev/itmo/2-year/MegaFinder/../../../Qt/5.11.2/clang_64/lib/cmake/Qt5Widgets/Qt5WidgetsMacros.cmake">
			<Option virtualFolder="CMake Files\..\..\..\Qt\5.11.2\clang_64\lib\cmake\Qt5Widgets\"/>
		</Unit>
		<Unit filename="/Users/miketerentyev/itmo/2-year/MegaFinder/../../../Qt/5.11.2/clang_64/lib/cmake/Qt5Widgets/Qt5Widgets_QMacStylePlugin.cmake">
			<Option virtualFolder="CMake Files\..\..\..\Qt\5.11.2\clang_64\lib\cmake\Qt5Widgets\"/>
		</Unit>
		<Unit filename="/Users/miketerentyev/itmo/2-year/MegaFinder/../../../Qt/5.11.2/clang_64/lib/cmake/Qt5Gui/Qt5GuiConfig.cmake">
			<Option virtualFolder="CMake Files\..\..\..\Qt\5.11.2\clang_64\lib\cmake\Qt5Gui\"/>
		</Unit>
		<Unit filename="/Users/miketerentyev/itmo/2-year/MegaFinder/../../../Qt/5.11.2/clang_64/lib/cmake/Qt5Gui/Qt5GuiConfigExtras.cmake">
			<Option virtualFolder="CMake Files\..\..\..\Qt\5.11.2\clang_64\lib\cmake\Qt5Gui\"/>
		</Unit>
		<Unit filename="/Users/miketerentyev/itmo/2-year/MegaFinder/../../../Qt/5.11.2/clang_64/lib/cmake/Qt5Gui/Qt5GuiConfigVersion.cmake">
			<Option virtualFolder="CMake Files\..\..\..\Qt\5.11.2\clang_64\lib\cmake\Qt5Gui\"/>
		</Unit>
		<Unit filename="/Users/miketerentyev/itmo/2-year/MegaFinder/../../../Qt/5.11.2/clang_64/lib/cmake/Qt5Gui/Qt5Gui_QCocoaIntegrationPlugin.cmake">
			<Option virtualFolder="CMake Files\..\..\..\Qt\5.11.2\clang_64\lib\cmake\Qt5Gui\"/>
		</Unit>
		<Unit filename="/Users/miketerentyev/itmo/2-year/MegaFinder/../../../Qt/5.11.2/clang_64/lib/cmake/Qt5Gui/Qt5Gui_QFlatpakThemePlugin.cmake">
			<Option virtualFolder="CMake Files\..\..\..\Qt\5.11.2\clang_64\lib\cmake\Qt5Gui\"/>
		</Unit>
		<Unit filename="/Users/miketerentyev/itmo/2-year/MegaFinder/../../../Qt/5.11.2/clang_64/lib/cmake/Qt5Gui/Qt5Gui_QGifPlugin.cmake">
			<Option virtualFolder="CMake Files\..\..\..\Qt\5.11.2\clang_64\lib\cmake\Qt5Gui\"/>
		</Unit>
		<Unit filename="/Users/miketerentyev/itmo/2-year/MegaFinder/../../../Qt/5.11.2/clang_64/lib/cmake/Qt5Gui/Qt5Gui_QICNSPlugin.cmake">
			<Option virtualFolder="CMake Files\..\..\..\Qt\5.11.2\clang_64\lib\cmake\Qt5Gui\"/>
		</Unit>
		<Unit filename="/Users/miketerentyev/itmo/2-year/MegaFinder/../../../Qt/5.11.2/clang_64/lib/cmake/Qt5Gui/Qt5Gui_QICOPlugin.cmake">
			<Option virtualFolder="CMake Files\..\..\..\Qt\5.11.2\clang_64\lib\cmake\Qt5Gui\"/>
		</Unit>
		<Unit filename="/Users/miketerentyev/itmo/2-year/MegaFinder/../../../Qt/5.11.2/clang_64/lib/cmake/Qt5Gui/Qt5Gui_QJpegPlugin.cmake">
			<Option virtualFolder="CMake Files\..\..\..\Qt\5.11.2\clang_64\lib\cmake\Qt5Gui\"/>
		</Unit>
		<Unit filename="/Users/miketerentyev/itmo/2-year/MegaFinder/../../../Qt/5.11.2/clang_64/lib/cmake/Qt5Gui/Qt5Gui_QMacHeifPlugin.cmake">
			<Option virtualFolder="CMake Files\..\..\..\Qt\5.11.2\clang_64\lib\cmake\Qt5Gui\"/>
		</Unit>
		<Unit filename="/Users/miketerentyev/itmo/2-year/MegaFinder/../../../Qt/5.11.2/clang_64/lib/cmake/Qt5Gui/Qt5Gui_QMacJp2Plugin.cmake">
			<Option virtualFolder="CMake Files\..\..\..\Qt\5.11.2\clang_64\lib\cmake\Qt5Gui\"/>
		</Unit>
		<Unit filename="/Users/miketerentyev/itmo/2-year/MegaFinder/../../../Qt/5.11.2/clang_64/lib/cmake/Qt5Gui/Qt5Gui_QMinimalIntegrationPlugin.cmake">
			<Option virtualFolder="CMake Files\..\..\..\Qt\5.11.2\clang_64\lib\cmake\Qt5Gui\"/>
		</Unit>
		<Unit filename="/Users/miketerentyev/itmo/2-year/MegaFinder/../../../Qt/5.11.2/clang_64/lib/cmake/Qt5Gui/Qt5Gui_QOffscreenIntegrationPlugin.cmake">
			<Option virtualFolder="CMake Files\..\..\..\Qt\5.11.2\clang_64\lib\cmake\Qt5Gui\"/>
		</Unit>
		<Unit filename="/Users/miketerentyev/itmo/2-year/MegaFinder/../../../Qt/5.11.2/clang_64/lib/cmake/Qt5Gui/Qt5Gui_QTgaPlugin.cmake">
			<Option virtualFolder="CMake Files\..\..\..\Qt\5.11.2\clang_64\lib\cmake\Qt5Gui\"/>
		</Unit>
		<Unit filename="/Users/miketerentyev/itmo/2-year/MegaFinder/../../../Qt/5.11.2/clang_64/lib/cmake/Qt5Gui/Qt5Gui_QTiffPlugin.cmake">
			<Option virtualFolder="CMake Files\..\..\..\Qt\5.11.2\clang_64\lib\cmake\Qt5Gui\"/>
		</Unit>
		<Unit filename="/Users/miketerentyev/itmo/2-year/MegaFinder/../../../Qt/5.11.2/clang_64/lib/cmake/Qt5Gui/Qt5Gui_QTuioTouchPlugin.cmake">
			<Option virtualFolder="CMake Files\..\..\..\Qt\5.11.2\clang_64\lib\cmake\Qt5Gui\"/>
		</Unit>
		<Unit filename="/Users/miketerentyev/itmo/2-year/MegaFinder/../../../Qt/5.11.2/clang_64/lib/cmake/Qt5Gui/Qt5Gui_QVirtualKeyboardPlugin.cmake">
			<Option virtualFolder="CMake Files\..\..\..\Qt\5.11.2\clang_64\lib\cmake\Qt5Gui\"/>
		</Unit>
		<Unit filename="/Users/miketerentyev/itmo/2-year/MegaFinder/../../../Qt/5.11.2/clang_64/lib/cmake/Qt5Gui/Qt5Gui_QWbmpPlugin.cmake">
			<Option virtualFolder="CMake Files\..\..\..\Qt\5.11.2\clang_64\lib\cmake\Qt5Gui\"/>
		</Unit>
		<Unit filename="/Users/miketerentyev/itmo/2-year/MegaFinder/../../../Qt/5.11.2/clang_64/lib/cmake/Qt5Gui/Qt5Gui_QWebGLIntegrationPlugin.cmake">
			<Option virtualFolder="CMake Files\..\..\..\Qt\5.11.2\clang_64\lib\cmake\Qt5Gui\"/>
		</Unit>
		<Unit filename="/Users/miketerentyev/itmo/2-year/MegaFinder/../../../Qt/5.11.2/clang_64/lib/cmake/Qt5Gui/Qt5Gui_QWebpPlugin.cmake">
			<Option virtualFolder="CMake Files\..\..\..\Qt\5.11.2\clang_64\lib\cmake\Qt5Gui\"/>
		</Unit>
		<Unit filename="/Users/miketerentyev/itmo/2-year/MegaFinder/../../../Qt/5.11.2/clang_64/lib/cmake/Qt5Core/Qt5CoreConfig.cmake">
			<Option virtualFolder="CMake Files\..\..\..\Qt\5.11.2\clang_64\lib\cmake\Qt5Core\"/>
		</Unit>
		<Unit filename="/Users/miketerentyev/itmo/2-year/MegaFinder/../../../Qt/5.11.2/clang_64/lib/cmake/Qt5Core/Qt5CoreConfigExtras.cmake">
			<Option virtualFolder="CMake Files\..\..\..\Qt\5.11.2\clang_64\lib\cmake\Qt5Core\"/>
		</Unit>
		<Unit filename="/Users/miketerentyev/itmo/2-year/MegaFinder/../../../Qt/5.11.2/clang_64/lib/cmake/Qt5Core/Qt5CoreConfigExtrasMkspecDir.cmake">
			<Option virtualFolder="CMake Files\..\..\..\Qt\5.11.2\clang_64\lib\cmake\Qt5Core\"/>
		</Unit>
		<Unit filename="/Users/miketerentyev/itmo/2-year/MegaFinder/../../../Qt/5.11.2/clang_64/lib/cmake/Qt5Core/Qt5CoreConfigVersion.cmake">
			<Option virtualFolder="CMake Files\..\..\..\Qt\5.11.2\clang_64\lib\cmake\Qt5Core\"/>
		</Unit>
		<Unit filename="/Users/miketerentyev/itmo/2-year/MegaFinder/../../../Qt/5.11.2/clang_64/lib/cmake/Qt5Core/Qt5CoreMacros.cmake">
			<Option virtualFolder="CMake Files\..\..\..\Qt\5.11.2\clang_64\lib\cmake\Qt5Core\"/>
		</Unit>
	</Project>
</CodeBlocks_project_file>
