<?xml version="1.0" encoding="UTF-8"?>
<CodeBlocks_project_file>
	<FileVersion major="1" minor="6"/>
	<Project>
		<Option title="BIGINT"/>
		<Option makefile_is_custom="1"/>
		<Option compiler="clang"/>
		<Option virtualFolders="CMake Files\;"/>
		<Build>
			<Target title="all">
				<Option working_dir="/Users/miketerentyev/Documents/2-sem/cpp/cpp-year2018/bigint"/>
				<Option type="4"/>
				<MakeCommands>
					<Build command="/usr/bin/make -j4 -f &quot;/Users/miketerentyev/Documents/2-sem/cpp/cpp-year2018/bigint/Makefile&quot;  VERBOSE=1 all"/>
					<CompileFile command="/usr/bin/make -j4 -f &quot;/Users/miketerentyev/Documents/2-sem/cpp/cpp-year2018/bigint/Makefile&quot;  VERBOSE=1 &quot;$file&quot;"/>
					<Clean command="/usr/bin/make -j4 -f &quot;/Users/miketerentyev/Documents/2-sem/cpp/cpp-year2018/bigint/Makefile&quot;  VERBOSE=1 clean"/>
					<DistClean command="/usr/bin/make -j4 -f &quot;/Users/miketerentyev/Documents/2-sem/cpp/cpp-year2018/bigint/Makefile&quot;  VERBOSE=1 clean"/>
				</MakeCommands>
			</Target>
			<Target title="rebuild_cache">
				<Option working_dir="/Users/miketerentyev/Documents/2-sem/cpp/cpp-year2018/bigint"/>
				<Option type="4"/>
				<MakeCommands>
					<Build command="/usr/bin/make -j4 -f &quot;/Users/miketerentyev/Documents/2-sem/cpp/cpp-year2018/bigint/Makefile&quot;  VERBOSE=1 rebuild_cache"/>
					<CompileFile command="/usr/bin/make -j4 -f &quot;/Users/miketerentyev/Documents/2-sem/cpp/cpp-year2018/bigint/Makefile&quot;  VERBOSE=1 &quot;$file&quot;"/>
					<Clean command="/usr/bin/make -j4 -f &quot;/Users/miketerentyev/Documents/2-sem/cpp/cpp-year2018/bigint/Makefile&quot;  VERBOSE=1 clean"/>
					<DistClean command="/usr/bin/make -j4 -f &quot;/Users/miketerentyev/Documents/2-sem/cpp/cpp-year2018/bigint/Makefile&quot;  VERBOSE=1 clean"/>
				</MakeCommands>
			</Target>
			<Target title="edit_cache">
				<Option working_dir="/Users/miketerentyev/Documents/2-sem/cpp/cpp-year2018/bigint"/>
				<Option type="4"/>
				<MakeCommands>
					<Build command="/usr/bin/make -j4 -f &quot;/Users/miketerentyev/Documents/2-sem/cpp/cpp-year2018/bigint/Makefile&quot;  VERBOSE=1 edit_cache"/>
					<CompileFile command="/usr/bin/make -j4 -f &quot;/Users/miketerentyev/Documents/2-sem/cpp/cpp-year2018/bigint/Makefile&quot;  VERBOSE=1 &quot;$file&quot;"/>
					<Clean command="/usr/bin/make -j4 -f &quot;/Users/miketerentyev/Documents/2-sem/cpp/cpp-year2018/bigint/Makefile&quot;  VERBOSE=1 clean"/>
					<DistClean command="/usr/bin/make -j4 -f &quot;/Users/miketerentyev/Documents/2-sem/cpp/cpp-year2018/bigint/Makefile&quot;  VERBOSE=1 clean"/>
				</MakeCommands>
			</Target>
			<Target title="big_integer_testing">
				<Option output="/Users/miketerentyev/Documents/2-sem/cpp/cpp-year2018/bigint/big_integer_testing" prefix_auto="0" extension_auto="0"/>
				<Option working_dir="/Users/miketerentyev/Documents/2-sem/cpp/cpp-year2018/bigint"/>
				<Option object_output="./"/>
				<Option type="1"/>
				<Option compiler="clang"/>
				<Compiler>
					<Add directory="/Users/miketerentyev/Documents/2-sem/cpp/cpp-year2018/bigint"/>
					<Add directory="/usr/local/Cellar/llvm/6.0.0/include/c++/v1"/>
					<Add directory="/usr/local/include"/>
					<Add directory="/usr/local/Cellar/llvm/6.0.0/lib/clang/6.0.0/include"/>
					<Add directory="/usr/include"/>
					<Add directory="/System/Library/Frameworks"/>
					<Add directory="/Library/Frameworks"/>
					<Add directory="/Library/Developer/CommandLineTools/usr/lib/clang/9.0.0/include"/>
					<Add directory="/Library/Developer/CommandLineTools/usr/include"/>
				</Compiler>
				<MakeCommands>
					<Build command="/usr/bin/make -j4 -f &quot;/Users/miketerentyev/Documents/2-sem/cpp/cpp-year2018/bigint/Makefile&quot;  VERBOSE=1 big_integer_testing"/>
					<CompileFile command="/usr/bin/make -j4 -f &quot;/Users/miketerentyev/Documents/2-sem/cpp/cpp-year2018/bigint/Makefile&quot;  VERBOSE=1 &quot;$file&quot;"/>
					<Clean command="/usr/bin/make -j4 -f &quot;/Users/miketerentyev/Documents/2-sem/cpp/cpp-year2018/bigint/Makefile&quot;  VERBOSE=1 clean"/>
					<DistClean command="/usr/bin/make -j4 -f &quot;/Users/miketerentyev/Documents/2-sem/cpp/cpp-year2018/bigint/Makefile&quot;  VERBOSE=1 clean"/>
				</MakeCommands>
			</Target>
			<Target title="big_integer_testing/fast">
				<Option output="/Users/miketerentyev/Documents/2-sem/cpp/cpp-year2018/bigint/big_integer_testing" prefix_auto="0" extension_auto="0"/>
				<Option working_dir="/Users/miketerentyev/Documents/2-sem/cpp/cpp-year2018/bigint"/>
				<Option object_output="./"/>
				<Option type="1"/>
				<Option compiler="clang"/>
				<Compiler>
					<Add directory="/Users/miketerentyev/Documents/2-sem/cpp/cpp-year2018/bigint"/>
					<Add directory="/usr/local/Cellar/llvm/6.0.0/include/c++/v1"/>
					<Add directory="/usr/local/include"/>
					<Add directory="/usr/local/Cellar/llvm/6.0.0/lib/clang/6.0.0/include"/>
					<Add directory="/usr/include"/>
					<Add directory="/System/Library/Frameworks"/>
					<Add directory="/Library/Frameworks"/>
					<Add directory="/Library/Developer/CommandLineTools/usr/lib/clang/9.0.0/include"/>
					<Add directory="/Library/Developer/CommandLineTools/usr/include"/>
				</Compiler>
				<MakeCommands>
					<Build command="/usr/bin/make -j4 -f &quot;/Users/miketerentyev/Documents/2-sem/cpp/cpp-year2018/bigint/Makefile&quot;  VERBOSE=1 big_integer_testing/fast"/>
					<CompileFile command="/usr/bin/make -j4 -f &quot;/Users/miketerentyev/Documents/2-sem/cpp/cpp-year2018/bigint/Makefile&quot;  VERBOSE=1 &quot;$file&quot;"/>
					<Clean command="/usr/bin/make -j4 -f &quot;/Users/miketerentyev/Documents/2-sem/cpp/cpp-year2018/bigint/Makefile&quot;  VERBOSE=1 clean"/>
					<DistClean command="/usr/bin/make -j4 -f &quot;/Users/miketerentyev/Documents/2-sem/cpp/cpp-year2018/bigint/Makefile&quot;  VERBOSE=1 clean"/>
				</MakeCommands>
			</Target>
		</Build>
		<Unit filename="/Users/miketerentyev/Documents/2-sem/cpp/cpp-year2018/bigint/big_integer.cpp">
			<Option target="big_integer_testing"/>
		</Unit>
		<Unit filename="/Users/miketerentyev/Documents/2-sem/cpp/cpp-year2018/bigint/big_integer.h">
			<Option target="big_integer_testing"/>
		</Unit>
		<Unit filename="/Users/miketerentyev/Documents/2-sem/cpp/cpp-year2018/bigint/big_integer_testing.cpp">
			<Option target="big_integer_testing"/>
		</Unit>
		<Unit filename="/Users/miketerentyev/Documents/2-sem/cpp/cpp-year2018/bigint/gtest/gtest-all.cc">
			<Option target="big_integer_testing"/>
		</Unit>
		<Unit filename="/Users/miketerentyev/Documents/2-sem/cpp/cpp-year2018/bigint/gtest/gtest.h">
			<Option target="big_integer_testing"/>
		</Unit>
		<Unit filename="/Users/miketerentyev/Documents/2-sem/cpp/cpp-year2018/bigint/gtest/gtest_main.cc">
			<Option target="big_integer_testing"/>
		</Unit>
		<Unit filename="/Users/miketerentyev/Documents/2-sem/cpp/cpp-year2018/bigint/my_vector.cpp">
			<Option target="big_integer_testing"/>
		</Unit>
		<Unit filename="/Users/miketerentyev/Documents/2-sem/cpp/cpp-year2018/bigint/my_vector.h">
			<Option target="big_integer_testing"/>
		</Unit>
		<Unit filename="/Users/miketerentyev/Documents/2-sem/cpp/cpp-year2018/bigint/CMakeLists.txt">
			<Option virtualFolder="CMake Files\"/>
		</Unit>
	</Project>
</CodeBlocks_project_file>
